// !$*UTF8*$!
{
	archiveVersion = 1;
	classes = {
	};
	objectVersion = 46;
	objects = {

/* Begin PBXBuildFile section */
		FE047D9D1B0A12F3003FF9C9 /* CoreData.framework in Frameworks */ = {isa = PBXBuildFile; fileRef = FE047D9C1B0A12F3003FF9C9 /* CoreData.framework */; };
		FE047DA01B0A1338003FF9C9 /* AFC1.xcdatamodeld in Sources */ = {isa = PBXBuildFile; fileRef = FE047D9E1B0A1338003FF9C9 /* AFC1.xcdatamodeld */; };
		FE047DA31B0A15AF003FF9C9 /* Wegpunkt.swift in Sources */ = {isa = PBXBuildFile; fileRef = FE047DA21B0A15AF003FF9C9 /* Wegpunkt.swift */; };
		FE047DA51B0A15BA003FF9C9 /* Strecke.swift in Sources */ = {isa = PBXBuildFile; fileRef = FE047DA41B0A15BA003FF9C9 /* Strecke.swift */; };
		FE047DA71B0A15C2003FF9C9 /* Log.swift in Sources */ = {isa = PBXBuildFile; fileRef = FE047DA61B0A15C2003FF9C9 /* Log.swift */; };
		FE047DA91B0A15CE003FF9C9 /* Eintrag.swift in Sources */ = {isa = PBXBuildFile; fileRef = FE047DA81B0A15CE003FF9C9 /* Eintrag.swift */; };
		FE047DAB1B0A15D6003FF9C9 /* Bild.swift in Sources */ = {isa = PBXBuildFile; fileRef = FE047DAA1B0A15D6003FF9C9 /* Bild.swift */; };
		FE047DEF1B0A269A003FF9C9 /* KategorieTableViewController.swift in Sources */ = {isa = PBXBuildFile; fileRef = FE047DEE1B0A269A003FF9C9 /* KategorieTableViewController.swift */; };
		FE047DF61B0A2728003FF9C9 /* BilderViewController.swift in Sources */ = {isa = PBXBuildFile; fileRef = FE047DF01B0A2728003FF9C9 /* BilderViewController.swift */; };
		FE047DF71B0A2728003FF9C9 /* EintragTableViewController.swift in Sources */ = {isa = PBXBuildFile; fileRef = FE047DF11B0A2728003FF9C9 /* EintragTableViewController.swift */; };
		FE047DF81B0A2728003FF9C9 /* GPS.swift in Sources */ = {isa = PBXBuildFile; fileRef = FE047DF21B0A2728003FF9C9 /* GPS.swift */; };
		FE047DF91B0A2728003FF9C9 /* GPSViewController.swift in Sources */ = {isa = PBXBuildFile; fileRef = FE047DF31B0A2728003FF9C9 /* GPSViewController.swift */; };
		FE047DFA1B0A2728003FF9C9 /* PlotterViewController.swift in Sources */ = {isa = PBXBuildFile; fileRef = FE047DF41B0A2728003FF9C9 /* PlotterViewController.swift */; };
		FE047DFB1B0A2728003FF9C9 /* PlotView.swift in Sources */ = {isa = PBXBuildFile; fileRef = FE047DF51B0A2728003FF9C9 /* PlotView.swift */; };
		FE6DE7141B03443C007617BA /* MapKit.framework in Frameworks */ = {isa = PBXBuildFile; fileRef = FE6DE7131B03443C007617BA /* MapKit.framework */; };
		FE6DE7161B0344E8007617BA /* Waypoint.swift in Sources */ = {isa = PBXBuildFile; fileRef = FE6DE7151B0344E8007617BA /* Waypoint.swift */; };
		FE6DE7181B034606007617BA /* Network.swift in Sources */ = {isa = PBXBuildFile; fileRef = FE6DE7171B034606007617BA /* Network.swift */; };
		FE6FB2521AFA1499009AE8ED /* AppDelegate.swift in Sources */ = {isa = PBXBuildFile; fileRef = FE6FB2511AFA1499009AE8ED /* AppDelegate.swift */; };
		FE6FB2541AFA1499009AE8ED /* FirstViewController.swift in Sources */ = {isa = PBXBuildFile; fileRef = FE6FB2531AFA1499009AE8ED /* FirstViewController.swift */; };
		FE6FB2561AFA1499009AE8ED /* SecondViewController.swift in Sources */ = {isa = PBXBuildFile; fileRef = FE6FB2551AFA1499009AE8ED /* SecondViewController.swift */; };
		FE6FB2591AFA1499009AE8ED /* Main.storyboard in Resources */ = {isa = PBXBuildFile; fileRef = FE6FB2571AFA1499009AE8ED /* Main.storyboard */; };
		FE6FB25B1AFA1499009AE8ED /* Images.xcassets in Resources */ = {isa = PBXBuildFile; fileRef = FE6FB25A1AFA1499009AE8ED /* Images.xcassets */; };
		FE6FB25E1AFA1499009AE8ED /* LaunchScreen.xib in Resources */ = {isa = PBXBuildFile; fileRef = FE6FB25C1AFA1499009AE8ED /* LaunchScreen.xib */; };
		FE6FB26A1AFA1499009AE8ED /* FireflyAppTests.swift in Sources */ = {isa = PBXBuildFile; fileRef = FE6FB2691AFA1499009AE8ED /* FireflyAppTests.swift */; };
/* End PBXBuildFile section */

/* Begin PBXContainerItemProxy section */
		FE6FB2641AFA1499009AE8ED /* PBXContainerItemProxy */ = {
			isa = PBXContainerItemProxy;
			containerPortal = FE6FB2441AFA1499009AE8ED /* Project object */;
			proxyType = 1;
			remoteGlobalIDString = FE6FB24B1AFA1499009AE8ED;
			remoteInfo = FireflyApp;
		};
/* End PBXContainerItemProxy section */

/* Begin PBXFileReference section */
		FE047D9C1B0A12F3003FF9C9 /* CoreData.framework */ = {isa = PBXFileReference; lastKnownFileType = wrapper.framework; name = CoreData.framework; path = System/Library/Frameworks/CoreData.framework; sourceTree = SDKROOT; };
		FE047D9F1B0A1338003FF9C9 /* AFC1.xcdatamodel */ = {isa = PBXFileReference; lastKnownFileType = wrapper.xcdatamodel; path = AFC1.xcdatamodel; sourceTree = "<group>"; };
		FE047DA21B0A15AF003FF9C9 /* Wegpunkt.swift */ = {isa = PBXFileReference; fileEncoding = 4; lastKnownFileType = sourcecode.swift; path = Wegpunkt.swift; sourceTree = "<group>"; };
		FE047DA41B0A15BA003FF9C9 /* Strecke.swift */ = {isa = PBXFileReference; fileEncoding = 4; lastKnownFileType = sourcecode.swift; path = Strecke.swift; sourceTree = "<group>"; };
		FE047DA61B0A15C2003FF9C9 /* Log.swift */ = {isa = PBXFileReference; fileEncoding = 4; lastKnownFileType = sourcecode.swift; path = Log.swift; sourceTree = "<group>"; };
		FE047DA81B0A15CE003FF9C9 /* Eintrag.swift */ = {isa = PBXFileReference; fileEncoding = 4; lastKnownFileType = sourcecode.swift; path = Eintrag.swift; sourceTree = "<group>"; };
		FE047DAA1B0A15D6003FF9C9 /* Bild.swift */ = {isa = PBXFileReference; fileEncoding = 4; lastKnownFileType = sourcecode.swift; path = Bild.swift; sourceTree = "<group>"; };
		FE047DEE1B0A269A003FF9C9 /* KategorieTableViewController.swift */ = {isa = PBXFileReference; fileEncoding = 4; lastKnownFileType = sourcecode.swift; path = KategorieTableViewController.swift; sourceTree = "<group>"; };
		FE047DF01B0A2728003FF9C9 /* BilderViewController.swift */ = {isa = PBXFileReference; fileEncoding = 4; lastKnownFileType = sourcecode.swift; path = BilderViewController.swift; sourceTree = "<group>"; };
		FE047DF11B0A2728003FF9C9 /* EintragTableViewController.swift */ = {isa = PBXFileReference; fileEncoding = 4; lastKnownFileType = sourcecode.swift; path = EintragTableViewController.swift; sourceTree = "<group>"; };
		FE047DF21B0A2728003FF9C9 /* GPS.swift */ = {isa = PBXFileReference; fileEncoding = 4; lastKnownFileType = sourcecode.swift; path = GPS.swift; sourceTree = "<group>"; };
		FE047DF31B0A2728003FF9C9 /* GPSViewController.swift */ = {isa = PBXFileReference; fileEncoding = 4; lastKnownFileType = sourcecode.swift; path = GPSViewController.swift; sourceTree = "<group>"; };
		FE047DF41B0A2728003FF9C9 /* PlotterViewController.swift */ = {isa = PBXFileReference; fileEncoding = 4; lastKnownFileType = sourcecode.swift; path = PlotterViewController.swift; sourceTree = "<group>"; };
		FE047DF51B0A2728003FF9C9 /* PlotView.swift */ = {isa = PBXFileReference; fileEncoding = 4; lastKnownFileType = sourcecode.swift; path = PlotView.swift; sourceTree = "<group>"; };
		FE6DE7131B03443C007617BA /* MapKit.framework */ = {isa = PBXFileReference; lastKnownFileType = wrapper.framework; name = MapKit.framework; path = System/Library/Frameworks/MapKit.framework; sourceTree = SDKROOT; };
		FE6DE7151B0344E8007617BA /* Waypoint.swift */ = {isa = PBXFileReference; fileEncoding = 4; lastKnownFileType = sourcecode.swift; path = Waypoint.swift; sourceTree = "<group>"; };
		FE6DE7171B034606007617BA /* Network.swift */ = {isa = PBXFileReference; fileEncoding = 4; lastKnownFileType = sourcecode.swift; path = Network.swift; sourceTree = "<group>"; };
		FE6FB24C1AFA1499009AE8ED /* FireflyApp.app */ = {isa = PBXFileReference; explicitFileType = wrapper.application; includeInIndex = 0; path = FireflyApp.app; sourceTree = BUILT_PRODUCTS_DIR; };
		FE6FB2501AFA1499009AE8ED /* Info.plist */ = {isa = PBXFileReference; lastKnownFileType = text.plist.xml; path = Info.plist; sourceTree = "<group>"; };
		FE6FB2511AFA1499009AE8ED /* AppDelegate.swift */ = {isa = PBXFileReference; lastKnownFileType = sourcecode.swift; path = AppDelegate.swift; sourceTree = "<group>"; };
		FE6FB2531AFA1499009AE8ED /* FirstViewController.swift */ = {isa = PBXFileReference; lastKnownFileType = sourcecode.swift; path = FirstViewController.swift; sourceTree = "<group>"; };
		FE6FB2551AFA1499009AE8ED /* SecondViewController.swift */ = {isa = PBXFileReference; lastKnownFileType = sourcecode.swift; path = SecondViewController.swift; sourceTree = "<group>"; };
		FE6FB2581AFA1499009AE8ED /* Base */ = {isa = PBXFileReference; lastKnownFileType = file.storyboard; name = Base; path = Base.lproj/Main.storyboard; sourceTree = "<group>"; };
		FE6FB25A1AFA1499009AE8ED /* Images.xcassets */ = {isa = PBXFileReference; lastKnownFileType = folder.assetcatalog; path = Images.xcassets; sourceTree = "<group>"; };
		FE6FB25D1AFA1499009AE8ED /* Base */ = {isa = PBXFileReference; lastKnownFileType = file.xib; name = Base; path = Base.lproj/LaunchScreen.xib; sourceTree = "<group>"; };
		FE6FB2631AFA1499009AE8ED /* FireflyAppTests.xctest */ = {isa = PBXFileReference; explicitFileType = wrapper.cfbundle; includeInIndex = 0; path = FireflyAppTests.xctest; sourceTree = BUILT_PRODUCTS_DIR; };
		FE6FB2681AFA1499009AE8ED /* Info.plist */ = {isa = PBXFileReference; lastKnownFileType = text.plist.xml; path = Info.plist; sourceTree = "<group>"; };
		FE6FB2691AFA1499009AE8ED /* FireflyAppTests.swift */ = {isa = PBXFileReference; lastKnownFileType = sourcecode.swift; path = FireflyAppTests.swift; sourceTree = "<group>"; };
/* End PBXFileReference section */

/* Begin PBXFrameworksBuildPhase section */
		FE6FB2491AFA1499009AE8ED /* Frameworks */ = {
			isa = PBXFrameworksBuildPhase;
			buildActionMask = 2147483647;
			files = (
				FE047D9D1B0A12F3003FF9C9 /* CoreData.framework in Frameworks */,
				FE6DE7141B03443C007617BA /* MapKit.framework in Frameworks */,
			);
			runOnlyForDeploymentPostprocessing = 0;
		};
		FE6FB2601AFA1499009AE8ED /* Frameworks */ = {
			isa = PBXFrameworksBuildPhase;
			buildActionMask = 2147483647;
			files = (
			);
			runOnlyForDeploymentPostprocessing = 0;
		};
/* End PBXFrameworksBuildPhase section */

/* Begin PBXGroup section */
		FE047DA11B0A156D003FF9C9 /* ManagedObjects */ = {
			isa = PBXGroup;
			children = (
				FE047DA21B0A15AF003FF9C9 /* Wegpunkt.swift */,
				FE047DA41B0A15BA003FF9C9 /* Strecke.swift */,
				FE047DA61B0A15C2003FF9C9 /* Log.swift */,
				FE047DA81B0A15CE003FF9C9 /* Eintrag.swift */,
				FE047DAA1B0A15D6003FF9C9 /* Bild.swift */,
			);
			name = ManagedObjects;
			sourceTree = "<group>";
		};
		FE6FB2431AFA1499009AE8ED = {
			isa = PBXGroup;
			children = (
				FE047D9C1B0A12F3003FF9C9 /* CoreData.framework */,
				FE6DE7131B03443C007617BA /* MapKit.framework */,
				FE6FB24E1AFA1499009AE8ED /* FireflyApp */,
				FE6FB2661AFA1499009AE8ED /* FireflyAppTests */,
				FE6FB24D1AFA1499009AE8ED /* Products */,
			);
			sourceTree = "<group>";
		};
		FE6FB24D1AFA1499009AE8ED /* Products */ = {
			isa = PBXGroup;
			children = (
				FE6FB24C1AFA1499009AE8ED /* FireflyApp.app */,
				FE6FB2631AFA1499009AE8ED /* FireflyAppTests.xctest */,
			);
			name = Products;
			sourceTree = "<group>";
		};
		FE6FB24E1AFA1499009AE8ED /* FireflyApp */ = {
			isa = PBXGroup;
			children = (
				FE047DF01B0A2728003FF9C9 /* BilderViewController.swift */,
				FE047DF11B0A2728003FF9C9 /* EintragTableViewController.swift */,
				FE047DF21B0A2728003FF9C9 /* GPS.swift */,
				FE047DF31B0A2728003FF9C9 /* GPSViewController.swift */,
				FE047DF41B0A2728003FF9C9 /* PlotterViewController.swift */,
				FE047DF51B0A2728003FF9C9 /* PlotView.swift */,
				FE047DA11B0A156D003FF9C9 /* ManagedObjects */,
				FE047D9E1B0A1338003FF9C9 /* AFC1.xcdatamodeld */,
				FE6FB2511AFA1499009AE8ED /* AppDelegate.swift */,
				FE6FB2531AFA1499009AE8ED /* FirstViewController.swift */,
				FE6DE7151B0344E8007617BA /* Waypoint.swift */,
				FE6DE7171B034606007617BA /* Network.swift */,
				FE6FB2551AFA1499009AE8ED /* SecondViewController.swift */,
				FE6FB2571AFA1499009AE8ED /* Main.storyboard */,
				FE6FB25A1AFA1499009AE8ED /* Images.xcassets */,
				FE6FB25C1AFA1499009AE8ED /* LaunchScreen.xib */,
				FE6FB24F1AFA1499009AE8ED /* Supporting Files */,
				FE047DEE1B0A269A003FF9C9 /* KategorieTableViewController.swift */,
			);
			path = FireflyApp;
			sourceTree = "<group>";
		};
		FE6FB24F1AFA1499009AE8ED /* Supporting Files */ = {
			isa = PBXGroup;
			children = (
				FE6FB2501AFA1499009AE8ED /* Info.plist */,
			);
			name = "Supporting Files";
			sourceTree = "<group>";
		};
		FE6FB2661AFA1499009AE8ED /* FireflyAppTests */ = {
			isa = PBXGroup;
			children = (
				FE6FB2691AFA1499009AE8ED /* FireflyAppTests.swift */,
				FE6FB2671AFA1499009AE8ED /* Supporting Files */,
			);
			path = FireflyAppTests;
			sourceTree = "<group>";
		};
		FE6FB2671AFA1499009AE8ED /* Supporting Files */ = {
			isa = PBXGroup;
			children = (
				FE6FB2681AFA1499009AE8ED /* Info.plist */,
			);
			name = "Supporting Files";
			sourceTree = "<group>";
		};
/* End PBXGroup section */

/* Begin PBXNativeTarget section */
		FE6FB24B1AFA1499009AE8ED /* FireflyApp */ = {
			isa = PBXNativeTarget;
			buildConfigurationList = FE6FB26D1AFA1499009AE8ED /* Build configuration list for PBXNativeTarget "FireflyApp" */;
			buildPhases = (
				FE6FB2481AFA1499009AE8ED /* Sources */,
				FE6FB2491AFA1499009AE8ED /* Frameworks */,
				FE6FB24A1AFA1499009AE8ED /* Resources */,
			);
			buildRules = (
			);
			dependencies = (
			);
			name = FireflyApp;
			productName = FireflyApp;
			productReference = FE6FB24C1AFA1499009AE8ED /* FireflyApp.app */;
			productType = "com.apple.product-type.application";
		};
		FE6FB2621AFA1499009AE8ED /* FireflyAppTests */ = {
			isa = PBXNativeTarget;
			buildConfigurationList = FE6FB2701AFA1499009AE8ED /* Build configuration list for PBXNativeTarget "FireflyAppTests" */;
			buildPhases = (
				FE6FB25F1AFA1499009AE8ED /* Sources */,
				FE6FB2601AFA1499009AE8ED /* Frameworks */,
				FE6FB2611AFA1499009AE8ED /* Resources */,
			);
			buildRules = (
			);
			dependencies = (
				FE6FB2651AFA1499009AE8ED /* PBXTargetDependency */,
			);
			name = FireflyAppTests;
			productName = FireflyAppTests;
			productReference = FE6FB2631AFA1499009AE8ED /* FireflyAppTests.xctest */;
			productType = "com.apple.product-type.bundle.unit-test";
		};
/* End PBXNativeTarget section */

/* Begin PBXProject section */
		FE6FB2441AFA1499009AE8ED /* Project object */ = {
			isa = PBXProject;
			attributes = {
				LastUpgradeCheck = 0630;
				ORGANIZATIONNAME = "Hochschule Darmstadt";
				TargetAttributes = {
					FE6FB24B1AFA1499009AE8ED = {
						CreatedOnToolsVersion = 6.3.1;
					};
					FE6FB2621AFA1499009AE8ED = {
						CreatedOnToolsVersion = 6.3.1;
						TestTargetID = FE6FB24B1AFA1499009AE8ED;
					};
				};
			};
			buildConfigurationList = FE6FB2471AFA1499009AE8ED /* Build configuration list for PBXProject "FireflyApp" */;
			compatibilityVersion = "Xcode 3.2";
			developmentRegion = English;
			hasScannedForEncodings = 0;
			knownRegions = (
				en,
				Base,
			);
			mainGroup = FE6FB2431AFA1499009AE8ED;
			productRefGroup = FE6FB24D1AFA1499009AE8ED /* Products */;
			projectDirPath = "";
			projectRoot = "";
			targets = (
				FE6FB24B1AFA1499009AE8ED /* FireflyApp */,
				FE6FB2621AFA1499009AE8ED /* FireflyAppTests */,
			);
		};
/* End PBXProject section */

/* Begin PBXResourcesBuildPhase section */
		FE6FB24A1AFA1499009AE8ED /* Resources */ = {
			isa = PBXResourcesBuildPhase;
			buildActionMask = 2147483647;
			files = (
				FE6FB2591AFA1499009AE8ED /* Main.storyboard in Resources */,
				FE6FB25E1AFA1499009AE8ED /* LaunchScreen.xib in Resources */,
				FE6FB25B1AFA1499009AE8ED /* Images.xcassets in Resources */,
			);
			runOnlyForDeploymentPostprocessing = 0;
		};
		FE6FB2611AFA1499009AE8ED /* Resources */ = {
			isa = PBXResourcesBuildPhase;
			buildActionMask = 2147483647;
			files = (
			);
			runOnlyForDeploymentPostprocessing = 0;
		};
/* End PBXResourcesBuildPhase section */

/* Begin PBXSourcesBuildPhase section */
		FE6FB2481AFA1499009AE8ED /* Sources */ = {
			isa = PBXSourcesBuildPhase;
			buildActionMask = 2147483647;
			files = (
				FE6DE7181B034606007617BA /* Network.swift in Sources */,
				FE047DFB1B0A2728003FF9C9 /* PlotView.swift in Sources */,
				FE047DF61B0A2728003FF9C9 /* BilderViewController.swift in Sources */,
				FE047DA51B0A15BA003FF9C9 /* Strecke.swift in Sources */,
				FE047DA71B0A15C2003FF9C9 /* Log.swift in Sources */,
				FE047DFA1B0A2728003FF9C9 /* PlotterViewController.swift in Sources */,
				FE6DE7161B0344E8007617BA /* Waypoint.swift in Sources */,
				FE047DAB1B0A15D6003FF9C9 /* Bild.swift in Sources */,
				FE6FB2561AFA1499009AE8ED /* SecondViewController.swift in Sources */,
				FE6FB2521AFA1499009AE8ED /* AppDelegate.swift in Sources */,
				FE047DA91B0A15CE003FF9C9 /* Eintrag.swift in Sources */,
				FE047DA31B0A15AF003FF9C9 /* Wegpunkt.swift in Sources */,
				FE047DF71B0A2728003FF9C9 /* EintragTableViewController.swift in Sources */,
				FE047DF91B0A2728003FF9C9 /* GPSViewController.swift in Sources */,
				FE6FB2541AFA1499009AE8ED /* FirstViewController.swift in Sources */,
				FE047DA01B0A1338003FF9C9 /* AFC1.xcdatamodeld in Sources */,
				FE047DEF1B0A269A003FF9C9 /* KategorieTableViewController.swift in Sources */,
				FE047DF81B0A2728003FF9C9 /* GPS.swift in Sources */,
			);
			runOnlyForDeploymentPostprocessing = 0;
		};
		FE6FB25F1AFA1499009AE8ED /* Sources */ = {
			isa = PBXSourcesBuildPhase;
			buildActionMask = 2147483647;
			files = (
				FE6FB26A1AFA1499009AE8ED /* FireflyAppTests.swift in Sources */,
			);
			runOnlyForDeploymentPostprocessing = 0;
		};
/* End PBXSourcesBuildPhase section */

/* Begin PBXTargetDependency section */
		FE6FB2651AFA1499009AE8ED /* PBXTargetDependency */ = {
			isa = PBXTargetDependency;
			target = FE6FB24B1AFA1499009AE8ED /* FireflyApp */;
			targetProxy = FE6FB2641AFA1499009AE8ED /* PBXContainerItemProxy */;
		};
/* End PBXTargetDependency section */

/* Begin PBXVariantGroup section */
		FE6FB2571AFA1499009AE8ED /* Main.storyboard */ = {
			isa = PBXVariantGroup;
			children = (
				FE6FB2581AFA1499009AE8ED /* Base */,
			);
			name = Main.storyboard;
			sourceTree = "<group>";
		};
		FE6FB25C1AFA1499009AE8ED /* LaunchScreen.xib */ = {
			isa = PBXVariantGroup;
			children = (
				FE6FB25D1AFA1499009AE8ED /* Base */,
			);
			name = LaunchScreen.xib;
			sourceTree = "<group>";
		};
/* End PBXVariantGroup section */

/* Begin XCBuildConfiguration section */
		FE6FB26B1AFA1499009AE8ED /* Debug */ = {
			isa = XCBuildConfiguration;
			buildSettings = {
				ALWAYS_SEARCH_USER_PATHS = NO;
				CLANG_CXX_LANGUAGE_STANDARD = "gnu++0x";
				CLANG_CXX_LIBRARY = "libc++";
				CLANG_ENABLE_MODULES = YES;
				CLANG_ENABLE_OBJC_ARC = YES;
				CLANG_WARN_BOOL_CONVERSION = YES;
				CLANG_WARN_CONSTANT_CONVERSION = YES;
				CLANG_WARN_DIRECT_OBJC_ISA_USAGE = YES_ERROR;
				CLANG_WARN_EMPTY_BODY = YES;
				CLANG_WARN_ENUM_CONVERSION = YES;
				CLANG_WARN_INT_CONVERSION = YES;
				CLANG_WARN_OBJC_ROOT_CLASS = YES_ERROR;
				CLANG_WARN_UNREACHABLE_CODE = YES;
				CLANG_WARN__DUPLICATE_METHOD_MATCH = YES;
				"CODE_SIGN_IDENTITY[sdk=iphoneos*]" = "iPhone Developer";
				COPY_PHASE_STRIP = NO;
				DEBUG_INFORMATION_FORMAT = "dwarf-with-dsym";
				ENABLE_STRICT_OBJC_MSGSEND = YES;
				GCC_C_LANGUAGE_STANDARD = gnu99;
				GCC_DYNAMIC_NO_PIC = NO;
				GCC_NO_COMMON_BLOCKS = YES;
				GCC_OPTIMIZATION_LEVEL = 0;
				GCC_PREPROCESSOR_DEFINITIONS = (
					"DEBUG=1",
					"$(inherited)",
				);
				GCC_SYMBOLS_PRIVATE_EXTERN = NO;
				GCC_WARN_64_TO_32_BIT_CONVERSION = YES;
				GCC_WARN_ABOUT_RETURN_TYPE = YES_ERROR;
				GCC_WARN_UNDECLARED_SELECTOR = YES;
				GCC_WARN_UNINITIALIZED_AUTOS = YES_AGGRESSIVE;
				GCC_WARN_UNUSED_FUNCTION = YES;
				GCC_WARN_UNUSED_VARIABLE = YES;
				IPHONEOS_DEPLOYMENT_TARGET = 8.2;
				MTL_ENABLE_DEBUG_INFO = YES;
				ONLY_ACTIVE_ARCH = YES;
				SDKROOT = iphoneos;
				SWIFT_OPTIMIZATION_LEVEL = "-Onone";
				TARGETED_DEVICE_FAMILY = 2;
			};
			name = Debug;
		};
		FE6FB26C1AFA1499009AE8ED /* Release */ = {
			isa = XCBuildConfiguration;
			buildSettings = {
				ALWAYS_SEARCH_USER_PATHS = NO;
				CLANG_CXX_LANGUAGE_STANDARD = "gnu++0x";
				CLANG_CXX_LIBRARY = "libc++";
				CLANG_ENABLE_MODULES = YES;
				CLANG_ENABLE_OBJC_ARC = YES;
				CLANG_WARN_BOOL_CONVERSION = YES;
				CLANG_WARN_CONSTANT_CONVERSION = YES;
				CLANG_WARN_DIRECT_OBJC_ISA_USAGE = YES_ERROR;
				CLANG_WARN_EMPTY_BODY = YES;
				CLANG_WARN_ENUM_CONVERSION = YES;
				CLANG_WARN_INT_CONVERSION = YES;
				CLANG_WARN_OBJC_ROOT_CLASS = YES_ERROR;
				CLANG_WARN_UNREACHABLE_CODE = YES;
				CLANG_WARN__DUPLICATE_METHOD_MATCH = YES;
				"CODE_SIGN_IDENTITY[sdk=iphoneos*]" = "iPhone Developer";
				COPY_PHASE_STRIP = NO;
				DEBUG_INFORMATION_FORMAT = "dwarf-with-dsym";
				ENABLE_NS_ASSERTIONS = NO;
				ENABLE_STRICT_OBJC_MSGSEND = YES;
				GCC_C_LANGUAGE_STANDARD = gnu99;
				GCC_NO_COMMON_BLOCKS = YES;
				GCC_WARN_64_TO_32_BIT_CONVERSION = YES;
				GCC_WARN_ABOUT_RETURN_TYPE = YES_ERROR;
				GCC_WARN_UNDECLARED_SELECTOR = YES;
				GCC_WARN_UNINITIALIZED_AUTOS = YES_AGGRESSIVE;
				GCC_WARN_UNUSED_FUNCTION = YES;
				GCC_WARN_UNUSED_VARIABLE = YES;
				IPHONEOS_DEPLOYMENT_TARGET = 8.2;
				MTL_ENABLE_DEBUG_INFO = NO;
				SDKROOT = iphoneos;
				TARGETED_DEVICE_FAMILY = 2;
				VALIDATE_PRODUCT = YES;
			};
			name = Release;
		};
		FE6FB26E1AFA1499009AE8ED /* Debug */ = {
			isa = XCBuildConfiguration;
			buildSettings = {
				ASSETCATALOG_COMPILER_APPICON_NAME = AppIcon;
				CODE_SIGN_IDENTITY = "iPhone Developer";
				INFOPLIST_FILE = FireflyApp/Info.plist;
				IPHONEOS_DEPLOYMENT_TARGET = 8.2;
				LD_RUNPATH_SEARCH_PATHS = "$(inherited) @executable_path/Frameworks";
				PRODUCT_NAME = "$(TARGET_NAME)";
			};
			name = Debug;
		};
		FE6FB26F1AFA1499009AE8ED /* Release */ = {
			isa = XCBuildConfiguration;
			buildSettings = {
				ASSETCATALOG_COMPILER_APPICON_NAME = AppIcon;
				CODE_SIGN_IDENTITY = "iPhone Developer";
				INFOPLIST_FILE = FireflyApp/Info.plist;
				IPHONEOS_DEPLOYMENT_TARGET = 8.2;
				LD_RUNPATH_SEARCH_PATHS = "$(inherited) @executable_path/Frameworks";
				PRODUCT_NAME = "$(TARGET_NAME)";
			};
			name = Release;
		};
		FE6FB2711AFA1499009AE8ED /* Debug */ = {
			isa = XCBuildConfiguration;
			buildSettings = {
				BUNDLE_LOADER = "$(TEST_HOST)";
				FRAMEWORK_SEARCH_PATHS = (
					"$(SDKROOT)/Developer/Library/Frameworks",
					"$(inherited)",
				);
				GCC_PREPROCESSOR_DEFINITIONS = (
					"DEBUG=1",
					"$(inherited)",
				);
				INFOPLIST_FILE = FireflyAppTests/Info.plist;
				LD_RUNPATH_SEARCH_PATHS = "$(inherited) @executable_path/Frameworks @loader_path/Frameworks";
				PRODUCT_NAME = "$(TARGET_NAME)";
				TEST_HOST = "$(BUILT_PRODUCTS_DIR)/FireflyApp.app/FireflyApp";
			};
			name = Debug;
		};
		FE6FB2721AFA1499009AE8ED /* Release */ = {
			isa = XCBuildConfiguration;
			buildSettings = {
				BUNDLE_LOADER = "$(TEST_HOST)";
				FRAMEWORK_SEARCH_PATHS = (
					"$(SDKROOT)/Developer/Library/Frameworks",
					"$(inherited)",
				);
				INFOPLIST_FILE = FireflyAppTests/Info.plist;
				LD_RUNPATH_SEARCH_PATHS = "$(inherited) @executable_path/Frameworks @loader_path/Frameworks";
				PRODUCT_NAME = "$(TARGET_NAME)";
				TEST_HOST = "$(BUILT_PRODUCTS_DIR)/FireflyApp.app/FireflyApp";
			};
			name = Release;
		};
/* End XCBuildConfiguration section */

/* Begin XCConfigurationList section */
		FE6FB2471AFA1499009AE8ED /* Build configuration list for PBXProject "FireflyApp" */ = {
			isa = XCConfigurationList;
			buildConfigurations = (
				FE6FB26B1AFA1499009AE8ED /* Debug */,
				FE6FB26C1AFA1499009AE8ED /* Release */,
			);
			defaultConfigurationIsVisible = 0;
			defaultConfigurationName = Release;
		};
		FE6FB26D1AFA1499009AE8ED /* Build configuration list for PBXNativeTarget "FireflyApp" */ = {
			isa = XCConfigurationList;
			buildConfigurations = (
				FE6FB26E1AFA1499009AE8ED /* Debug */,
				FE6FB26F1AFA1499009AE8ED /* Release */,
			);
			defaultConfigurationIsVisible = 0;
			defaultConfigurationName = Release;
		};
		FE6FB2701AFA1499009AE8ED /* Build configuration list for PBXNativeTarget "FireflyAppTests" */ = {
			isa = XCConfigurationList;
			buildConfigurations = (
				FE6FB2711AFA1499009AE8ED /* Debug */,
				FE6FB2721AFA1499009AE8ED /* Release */,
			);
			defaultConfigurationIsVisible = 0;
			defaultConfigurationName = Release;
		};
/* End XCConfigurationList section */

/* Begin XCVersionGroup section */
		FE047D9E1B0A1338003FF9C9 /* AFC1.xcdatamodeld */ = {
			isa = XCVersionGroup;
			children = (
				FE047D9F1B0A1338003FF9C9 /* AFC1.xcdatamodel */,
			);
			currentVersion = FE047D9F1B0A1338003FF9C9 /* AFC1.xcdatamodel */;
			path = AFC1.xcdatamodeld;
			sourceTree = "<group>";
			versionGroupType = wrapper.xcdatamodel;
		};
/* End XCVersionGroup section */
	};
	rootObject = FE6FB2441AFA1499009AE8ED /* Project object */;
}
