// !$*UTF8*$!
{
	archiveVersion = 1;
	classes = {
	};
	objectVersion = 46;
	objects = {

/* Begin PBXBuildFile section */
		063F8E451B1F100400F1CEFD /* NetworkReceiverProp.swift in Sources */ = {isa = PBXBuildFile; fileRef = 063F8E441B1F100400F1CEFD /* NetworkReceiverProp.swift */; };
		063F8E471B1F101F00F1CEFD /* NetworkRecPicture.swift in Sources */ = {isa = PBXBuildFile; fileRef = 063F8E461B1F101F00F1CEFD /* NetworkRecPicture.swift */; };
		063F8E491B1F103100F1CEFD /* NetworkSender.swift in Sources */ = {isa = PBXBuildFile; fileRef = 063F8E481B1F103100F1CEFD /* NetworkSender.swift */; };
		0699CF401B1E15C000EF305E /* Course.swift in Sources */ = {isa = PBXBuildFile; fileRef = 0699CF3F1B1E15C000EF305E /* Course.swift */; };
		0699CF441B1E15C100EF305E /* Entry.swift in Sources */ = {isa = PBXBuildFile; fileRef = 0699CF431B1E15C100EF305E /* Entry.swift */; };
		0699CF481B1E15C100EF305E /* Way_Point.swift in Sources */ = {isa = PBXBuildFile; fileRef = 0699CF471B1E15C100EF305E /* Way_Point.swift */; };
		0699CF4A1B1E15C100EF305E /* Picture.swift in Sources */ = {isa = PBXBuildFile; fileRef = 0699CF491B1E15C100EF305E /* Picture.swift */; };
		412C9F9F1B1E205E00C16B79 /* Log.swift in Sources */ = {isa = PBXBuildFile; fileRef = 412C9F9E1B1E205E00C16B79 /* Log.swift */; };
		412C9FA11B1E205F00C16B79 /* GPS.swift in Sources */ = {isa = PBXBuildFile; fileRef = 412C9FA01B1E205F00C16B79 /* GPS.swift */; };
		412C9FA31B1E205F00C16B79 /* Speed.swift in Sources */ = {isa = PBXBuildFile; fileRef = 412C9FA21B1E205F00C16B79 /* Speed.swift */; };
		412C9FA51B1E205F00C16B79 /* Battery.swift in Sources */ = {isa = PBXBuildFile; fileRef = 412C9FA41B1E205F00C16B79 /* Battery.swift */; };
		412C9FDB1B1E388C00C16B79 /* GPSViewController.swift in Sources */ = {isa = PBXBuildFile; fileRef = 412C9FD51B1E388C00C16B79 /* GPSViewController.swift */; };
		412C9FDC1B1E388C00C16B79 /* PicturesViewController.swift in Sources */ = {isa = PBXBuildFile; fileRef = 412C9FD61B1E388C00C16B79 /* PicturesViewController.swift */; };
		412C9FDD1B1E388C00C16B79 /* PlotterViewController.swift in Sources */ = {isa = PBXBuildFile; fileRef = 412C9FD71B1E388C00C16B79 /* PlotterViewController.swift */; };
		412C9FDE1B1E388C00C16B79 /* ControlDBModel.swift in Sources */ = {isa = PBXBuildFile; fileRef = 412C9FD81B1E388C00C16B79 /* ControlDBModel.swift */; };
		412C9FDF1B1E388C00C16B79 /* ControlTestDatenModel.swift in Sources */ = {isa = PBXBuildFile; fileRef = 412C9FD91B1E388C00C16B79 /* ControlTestDatenModel.swift */; };
		412C9FE01B1E388C00C16B79 /* BatterieTableViewController.swift in Sources */ = {isa = PBXBuildFile; fileRef = 412C9FDA1B1E388C00C16B79 /* BatterieTableViewController.swift */; };
		412C9FE21B1E38AD00C16B79 /* PlotView.swift in Sources */ = {isa = PBXBuildFile; fileRef = 412C9FE11B1E38AD00C16B79 /* PlotView.swift */; };
		412C9FE41B1E38C100C16B79 /* LogTableViewController.swift in Sources */ = {isa = PBXBuildFile; fileRef = 412C9FE31B1E38C100C16B79 /* LogTableViewController.swift */; };
		412C9FE61B1E38F800C16B79 /* CategorieTableViewController.swift in Sources */ = {isa = PBXBuildFile; fileRef = 412C9FE51B1E38F800C16B79 /* CategorieTableViewController.swift */; };
		412C9FE81B1E393A00C16B79 /* ControlViewController.swift in Sources */ = {isa = PBXBuildFile; fileRef = 412C9FE71B1E393A00C16B79 /* ControlViewController.swift */; };
		414BD5401B0FF348000E4F1F /* PageViewController.swift in Sources */ = {isa = PBXBuildFile; fileRef = 414BD53B1B0FF348000E4F1F /* PageViewController.swift */; };
		416D2A621B259D99006A9BF0 /* SplitViewController.swift in Sources */ = {isa = PBXBuildFile; fileRef = 416D2A611B259D99006A9BF0 /* SplitViewController.swift */; };
		41EB77121B1153C600A1732B /* Waypoint.swift in Sources */ = {isa = PBXBuildFile; fileRef = 41EB77111B1153C600A1732B /* Waypoint.swift */; };
		41F9831C1B1E3C0200592590 /* ContentViewController.swift in Sources */ = {isa = PBXBuildFile; fileRef = 41F9831B1B1E3C0200592590 /* ContentViewController.swift */; };
		41F9838F1B1E9F9500592590 /* MissionModel.swift in Sources */ = {isa = PBXBuildFile; fileRef = 41F9838E1B1E9F9500592590 /* MissionModel.swift */; };
		FE00CBB21B0BC02D00D79628 /* CallOutView.xib in Resources */ = {isa = PBXBuildFile; fileRef = FE00CBB11B0BC02D00D79628 /* CallOutView.xib */; };
		FE047D9D1B0A12F3003FF9C9 /* CoreData.framework in Frameworks */ = {isa = PBXBuildFile; fileRef = FE047D9C1B0A12F3003FF9C9 /* CoreData.framework */; };
		FE047DA01B0A1338003FF9C9 /* AFC1.xcdatamodeld in Sources */ = {isa = PBXBuildFile; fileRef = FE047D9E1B0A1338003FF9C9 /* AFC1.xcdatamodeld */; };
		FE3BB5E01B15B4F10045687C /* TCPClient.swift in Sources */ = {isa = PBXBuildFile; fileRef = FE3BB5DF1B15B4F10045687C /* TCPClient.swift */; };
		FE3BB5E21B15B4FB0045687C /* ysocket.swift in Sources */ = {isa = PBXBuildFile; fileRef = FE3BB5E11B15B4FB0045687C /* ysocket.swift */; };
		FE3BB5E51B15B5290045687C /* ytcpsocket.c in Sources */ = {isa = PBXBuildFile; fileRef = FE3BB5E41B15B5290045687C /* ytcpsocket.c */; };
		FE411DB01B0C72F60079B7C3 /* WaypointView.swift in Sources */ = {isa = PBXBuildFile; fileRef = FE411DAF1B0C72F60079B7C3 /* WaypointView.swift */; };
		FE5146EE1B25942500F5FA3C /* MasterTableView.swift in Sources */ = {isa = PBXBuildFile; fileRef = FE5146ED1B25942500F5FA3C /* MasterTableView.swift */; };
		FE6DE7141B03443C007617BA /* MapKit.framework in Frameworks */ = {isa = PBXBuildFile; fileRef = FE6DE7131B03443C007617BA /* MapKit.framework */; };
		FE6FB2521AFA1499009AE8ED /* AppDelegate.swift in Sources */ = {isa = PBXBuildFile; fileRef = FE6FB2511AFA1499009AE8ED /* AppDelegate.swift */; };
		FE6FB2541AFA1499009AE8ED /* MapViewController.swift in Sources */ = {isa = PBXBuildFile; fileRef = FE6FB2531AFA1499009AE8ED /* MapViewController.swift */; };
		FE6FB25B1AFA1499009AE8ED /* Images.xcassets in Resources */ = {isa = PBXBuildFile; fileRef = FE6FB25A1AFA1499009AE8ED /* Images.xcassets */; };
		FE6FB25E1AFA1499009AE8ED /* LaunchScreen.xib in Resources */ = {isa = PBXBuildFile; fileRef = FE6FB25C1AFA1499009AE8ED /* LaunchScreen.xib */; };
		FE6FB26A1AFA1499009AE8ED /* FireflyAppTests.swift in Sources */ = {isa = PBXBuildFile; fileRef = FE6FB2691AFA1499009AE8ED /* FireflyAppTests.swift */; };
		FEB3411A1B0BC75D00ACEB41 /* CallOutView.swift in Sources */ = {isa = PBXBuildFile; fileRef = FEB341191B0BC75D00ACEB41 /* CallOutView.swift */; };
		FEC531171B2C5B2F00F038F6 /* WaypointTableDelegate.swift in Sources */ = {isa = PBXBuildFile; fileRef = FEC531161B2C5B2F00F038F6 /* WaypointTableDelegate.swift */; };
		FEC79DE51B262C7500E9028B /* Main.storyboard in Resources */ = {isa = PBXBuildFile; fileRef = FEC79DE31B262C7500E9028B /* Main.storyboard */; };
/* End PBXBuildFile section */

/* Begin PBXContainerItemProxy section */
		FE6FB2641AFA1499009AE8ED /* PBXContainerItemProxy */ = {
			isa = PBXContainerItemProxy;
			containerPortal = FE6FB2441AFA1499009AE8ED /* Project object */;
			proxyType = 1;
			remoteGlobalIDString = FE6FB24B1AFA1499009AE8ED;
			remoteInfo = FireflyApp;
		};
/* End PBXContainerItemProxy section */

/* Begin PBXFileReference section */
		063F8E441B1F100400F1CEFD /* NetworkReceiverProp.swift */ = {isa = PBXFileReference; fileEncoding = 4; lastKnownFileType = sourcecode.swift; path = NetworkReceiverProp.swift; sourceTree = "<group>"; };
		063F8E461B1F101F00F1CEFD /* NetworkRecPicture.swift */ = {isa = PBXFileReference; fileEncoding = 4; lastKnownFileType = sourcecode.swift; path = NetworkRecPicture.swift; sourceTree = "<group>"; };
		063F8E481B1F103100F1CEFD /* NetworkSender.swift */ = {isa = PBXFileReference; fileEncoding = 4; lastKnownFileType = sourcecode.swift; path = NetworkSender.swift; sourceTree = "<group>"; };
		0699CF3F1B1E15C000EF305E /* Course.swift */ = {isa = PBXFileReference; fileEncoding = 4; lastKnownFileType = sourcecode.swift; path = Course.swift; sourceTree = "<group>"; };
		0699CF431B1E15C100EF305E /* Entry.swift */ = {isa = PBXFileReference; fileEncoding = 4; lastKnownFileType = sourcecode.swift; path = Entry.swift; sourceTree = "<group>"; };
		0699CF471B1E15C100EF305E /* Way_Point.swift */ = {isa = PBXFileReference; fileEncoding = 4; lastKnownFileType = sourcecode.swift; path = Way_Point.swift; sourceTree = "<group>"; };
		0699CF491B1E15C100EF305E /* Picture.swift */ = {isa = PBXFileReference; fileEncoding = 4; lastKnownFileType = sourcecode.swift; path = Picture.swift; sourceTree = "<group>"; };
		412C9F9E1B1E205E00C16B79 /* Log.swift */ = {isa = PBXFileReference; fileEncoding = 4; lastKnownFileType = sourcecode.swift; path = Log.swift; sourceTree = "<group>"; };
		412C9FA01B1E205F00C16B79 /* GPS.swift */ = {isa = PBXFileReference; fileEncoding = 4; lastKnownFileType = sourcecode.swift; path = GPS.swift; sourceTree = "<group>"; };
		412C9FA21B1E205F00C16B79 /* Speed.swift */ = {isa = PBXFileReference; fileEncoding = 4; lastKnownFileType = sourcecode.swift; path = Speed.swift; sourceTree = "<group>"; };
		412C9FA41B1E205F00C16B79 /* Battery.swift */ = {isa = PBXFileReference; fileEncoding = 4; lastKnownFileType = sourcecode.swift; path = Battery.swift; sourceTree = "<group>"; };
		412C9FD51B1E388C00C16B79 /* GPSViewController.swift */ = {isa = PBXFileReference; fileEncoding = 4; lastKnownFileType = sourcecode.swift; path = GPSViewController.swift; sourceTree = "<group>"; };
		412C9FD61B1E388C00C16B79 /* PicturesViewController.swift */ = {isa = PBXFileReference; fileEncoding = 4; lastKnownFileType = sourcecode.swift; path = PicturesViewController.swift; sourceTree = "<group>"; };
		412C9FD71B1E388C00C16B79 /* PlotterViewController.swift */ = {isa = PBXFileReference; fileEncoding = 4; lastKnownFileType = sourcecode.swift; path = PlotterViewController.swift; sourceTree = "<group>"; };
		412C9FD81B1E388C00C16B79 /* ControlDBModel.swift */ = {isa = PBXFileReference; fileEncoding = 4; lastKnownFileType = sourcecode.swift; path = ControlDBModel.swift; sourceTree = "<group>"; };
		412C9FD91B1E388C00C16B79 /* ControlTestDatenModel.swift */ = {isa = PBXFileReference; fileEncoding = 4; lastKnownFileType = sourcecode.swift; path = ControlTestDatenModel.swift; sourceTree = "<group>"; };
		412C9FDA1B1E388C00C16B79 /* BatterieTableViewController.swift */ = {isa = PBXFileReference; fileEncoding = 4; lastKnownFileType = sourcecode.swift; path = BatterieTableViewController.swift; sourceTree = "<group>"; };
		412C9FE11B1E38AD00C16B79 /* PlotView.swift */ = {isa = PBXFileReference; fileEncoding = 4; lastKnownFileType = sourcecode.swift; path = PlotView.swift; sourceTree = "<group>"; };
		412C9FE31B1E38C100C16B79 /* LogTableViewController.swift */ = {isa = PBXFileReference; fileEncoding = 4; lastKnownFileType = sourcecode.swift; path = LogTableViewController.swift; sourceTree = "<group>"; };
		412C9FE51B1E38F800C16B79 /* CategorieTableViewController.swift */ = {isa = PBXFileReference; fileEncoding = 4; lastKnownFileType = sourcecode.swift; path = CategorieTableViewController.swift; sourceTree = "<group>"; };
		412C9FE71B1E393A00C16B79 /* ControlViewController.swift */ = {isa = PBXFileReference; fileEncoding = 4; lastKnownFileType = sourcecode.swift; path = ControlViewController.swift; sourceTree = "<group>"; };
		414BD53B1B0FF348000E4F1F /* PageViewController.swift */ = {isa = PBXFileReference; fileEncoding = 4; lastKnownFileType = sourcecode.swift; path = PageViewController.swift; sourceTree = "<group>"; };
		416D2A611B259D99006A9BF0 /* SplitViewController.swift */ = {isa = PBXFileReference; fileEncoding = 4; lastKnownFileType = sourcecode.swift; path = SplitViewController.swift; sourceTree = "<group>"; };
		41EB77111B1153C600A1732B /* Waypoint.swift */ = {isa = PBXFileReference; fileEncoding = 4; lastKnownFileType = sourcecode.swift; path = Waypoint.swift; sourceTree = "<group>"; };
		41F9831B1B1E3C0200592590 /* ContentViewController.swift */ = {isa = PBXFileReference; fileEncoding = 4; lastKnownFileType = sourcecode.swift; path = ContentViewController.swift; sourceTree = "<group>"; };
		41F9838E1B1E9F9500592590 /* MissionModel.swift */ = {isa = PBXFileReference; fileEncoding = 4; lastKnownFileType = sourcecode.swift; path = MissionModel.swift; sourceTree = "<group>"; };
		FE00CBB11B0BC02D00D79628 /* CallOutView.xib */ = {isa = PBXFileReference; fileEncoding = 4; lastKnownFileType = file.xib; path = CallOutView.xib; sourceTree = "<group>"; };
		FE047D9C1B0A12F3003FF9C9 /* CoreData.framework */ = {isa = PBXFileReference; lastKnownFileType = wrapper.framework; name = CoreData.framework; path = System/Library/Frameworks/CoreData.framework; sourceTree = SDKROOT; };
		FE047D9F1B0A1338003FF9C9 /* AFC1.xcdatamodel */ = {isa = PBXFileReference; lastKnownFileType = wrapper.xcdatamodel; path = AFC1.xcdatamodel; sourceTree = "<group>"; };
		FE3BB5DF1B15B4F10045687C /* TCPClient.swift */ = {isa = PBXFileReference; fileEncoding = 4; lastKnownFileType = sourcecode.swift; path = TCPClient.swift; sourceTree = "<group>"; };
		FE3BB5E11B15B4FB0045687C /* ysocket.swift */ = {isa = PBXFileReference; fileEncoding = 4; lastKnownFileType = sourcecode.swift; path = ysocket.swift; sourceTree = "<group>"; };
		FE3BB5E31B15B5280045687C /* FireflyApp-Bridging-Header.h */ = {isa = PBXFileReference; lastKnownFileType = sourcecode.c.h; path = "FireflyApp-Bridging-Header.h"; sourceTree = "<group>"; };
		FE3BB5E41B15B5290045687C /* ytcpsocket.c */ = {isa = PBXFileReference; fileEncoding = 4; lastKnownFileType = sourcecode.c.c; path = ytcpsocket.c; sourceTree = "<group>"; };
		FE411DAF1B0C72F60079B7C3 /* WaypointView.swift */ = {isa = PBXFileReference; fileEncoding = 4; lastKnownFileType = sourcecode.swift; path = WaypointView.swift; sourceTree = "<group>"; };
		FE5146ED1B25942500F5FA3C /* MasterTableView.swift */ = {isa = PBXFileReference; fileEncoding = 4; lastKnownFileType = sourcecode.swift; path = MasterTableView.swift; sourceTree = "<group>"; };
		FE6DE7131B03443C007617BA /* MapKit.framework */ = {isa = PBXFileReference; lastKnownFileType = wrapper.framework; name = MapKit.framework; path = System/Library/Frameworks/MapKit.framework; sourceTree = SDKROOT; };
		FE6FB24C1AFA1499009AE8ED /* FireflyApp.app */ = {isa = PBXFileReference; explicitFileType = wrapper.application; includeInIndex = 0; path = FireflyApp.app; sourceTree = BUILT_PRODUCTS_DIR; };
		FE6FB2501AFA1499009AE8ED /* Info.plist */ = {isa = PBXFileReference; lastKnownFileType = text.plist.xml; path = Info.plist; sourceTree = "<group>"; };
		FE6FB2511AFA1499009AE8ED /* AppDelegate.swift */ = {isa = PBXFileReference; lastKnownFileType = sourcecode.swift; path = AppDelegate.swift; sourceTree = "<group>"; };
		FE6FB2531AFA1499009AE8ED /* MapViewController.swift */ = {isa = PBXFileReference; lastKnownFileType = sourcecode.swift; path = MapViewController.swift; sourceTree = "<group>"; };
		FE6FB25A1AFA1499009AE8ED /* Images.xcassets */ = {isa = PBXFileReference; lastKnownFileType = folder.assetcatalog; path = Images.xcassets; sourceTree = "<group>"; };
		FE6FB25D1AFA1499009AE8ED /* Base */ = {isa = PBXFileReference; lastKnownFileType = file.xib; name = Base; path = Base.lproj/LaunchScreen.xib; sourceTree = "<group>"; };
		FE6FB2631AFA1499009AE8ED /* FireflyAppTests.xctest */ = {isa = PBXFileReference; explicitFileType = wrapper.cfbundle; includeInIndex = 0; path = FireflyAppTests.xctest; sourceTree = BUILT_PRODUCTS_DIR; };
		FE6FB2681AFA1499009AE8ED /* Info.plist */ = {isa = PBXFileReference; lastKnownFileType = text.plist.xml; path = Info.plist; sourceTree = "<group>"; };
		FE6FB2691AFA1499009AE8ED /* FireflyAppTests.swift */ = {isa = PBXFileReference; lastKnownFileType = sourcecode.swift; path = FireflyAppTests.swift; sourceTree = "<group>"; };
		FEB341191B0BC75D00ACEB41 /* CallOutView.swift */ = {isa = PBXFileReference; fileEncoding = 4; lastKnownFileType = sourcecode.swift; path = CallOutView.swift; sourceTree = "<group>"; };
		FEC531161B2C5B2F00F038F6 /* WaypointTableDelegate.swift */ = {isa = PBXFileReference; fileEncoding = 4; lastKnownFileType = sourcecode.swift; path = WaypointTableDelegate.swift; sourceTree = "<group>"; };
		FEC79DE41B262C7500E9028B /* Base */ = {isa = PBXFileReference; lastKnownFileType = file.storyboard; name = Base; path = Base.lproj/Main.storyboard; sourceTree = "<group>"; };
/* End PBXFileReference section */

/* Begin PBXFrameworksBuildPhase section */
		FE6FB2491AFA1499009AE8ED /* Frameworks */ = {
			isa = PBXFrameworksBuildPhase;
			buildActionMask = 2147483647;
			files = (
				FE047D9D1B0A12F3003FF9C9 /* CoreData.framework in Frameworks */,
				FE6DE7141B03443C007617BA /* MapKit.framework in Frameworks */,
			);
			runOnlyForDeploymentPostprocessing = 0;
		};
		FE6FB2601AFA1499009AE8ED /* Frameworks */ = {
			isa = PBXFrameworksBuildPhase;
			buildActionMask = 2147483647;
			files = (
			);
			runOnlyForDeploymentPostprocessing = 0;
		};
/* End PBXFrameworksBuildPhase section */

/* Begin PBXGroup section */
		412C9FBC1B1E25B900C16B79 /* Model */ = {
			isa = PBXGroup;
			children = (
				412C9FD81B1E388C00C16B79 /* ControlDBModel.swift */,
			);
			name = Model;
			sourceTree = "<group>";
		};
		412C9FBD1B1E25BE00C16B79 /* View */ = {
			isa = PBXGroup;
			children = (
				412C9FE11B1E38AD00C16B79 /* PlotView.swift */,
			);
			name = View;
			sourceTree = "<group>";
		};
		412C9FBE1B1E25CB00C16B79 /* Controller */ = {
			isa = PBXGroup;
			children = (
				412C9FD51B1E388C00C16B79 /* GPSViewController.swift */,
				412C9FD61B1E388C00C16B79 /* PicturesViewController.swift */,
				412C9FD71B1E388C00C16B79 /* PlotterViewController.swift */,
				412C9FDA1B1E388C00C16B79 /* BatterieTableViewController.swift */,
				412C9FE31B1E38C100C16B79 /* LogTableViewController.swift */,
				412C9FE51B1E38F800C16B79 /* CategorieTableViewController.swift */,
			);
			name = Controller;
			sourceTree = "<group>";
		};
		414BD5441B0FF6DD000E4F1F /* Log */ = {
			isa = PBXGroup;
			children = (
				41F983211B1E530C00592590 /* TestDaten */,
				412C9FBC1B1E25B900C16B79 /* Model */,
				412C9FBD1B1E25BE00C16B79 /* View */,
				412C9FBE1B1E25CB00C16B79 /* Controller */,
			);
			name = Log;
			sourceTree = "<group>";
		};
		41D35E171B252FC8000303B4 /* Model */ = {
			isa = PBXGroup;
			children = (
				41F9838E1B1E9F9500592590 /* MissionModel.swift */,
			);
			name = Model;
			sourceTree = "<group>";
		};
		41D35E181B253025000303B4 /* Vew */ = {
			isa = PBXGroup;
			children = (
			);
			name = Vew;
			sourceTree = "<group>";
		};
		41F9831D1B1E50B200592590 /* ControlLiveModus */ = {
			isa = PBXGroup;
			children = (
				41D35E171B252FC8000303B4 /* Model */,
				41D35E181B253025000303B4 /* Vew */,
				41F9831E1B1E50D600592590 /* Controller */,
			);
			name = ControlLiveModus;
			sourceTree = "<group>";
		};
		41F9831E1B1E50D600592590 /* Controller */ = {
			isa = PBXGroup;
			children = (
				416D2A611B259D99006A9BF0 /* SplitViewController.swift */,
				414BD53B1B0FF348000E4F1F /* PageViewController.swift */,
				412C9FE71B1E393A00C16B79 /* ControlViewController.swift */,
				41F9831B1B1E3C0200592590 /* ContentViewController.swift */,
				FE5146ED1B25942500F5FA3C /* MasterTableView.swift */,
				FEC531161B2C5B2F00F038F6 /* WaypointTableDelegate.swift */,
			);
			name = Controller;
			sourceTree = "<group>";
		};
		41F9831F1B1E51DE00592590 /* Map */ = {
			isa = PBXGroup;
			children = (
				FE6FB2531AFA1499009AE8ED /* MapViewController.swift */,
				FE00CBB11B0BC02D00D79628 /* CallOutView.xib */,
				FEB341191B0BC75D00ACEB41 /* CallOutView.swift */,
				FE411DAF1B0C72F60079B7C3 /* WaypointView.swift */,
				41EB77111B1153C600A1732B /* Waypoint.swift */,
			);
			name = Map;
			sourceTree = "<group>";
		};
		41F983201B1E520800592590 /* Network */ = {
			isa = PBXGroup;
			children = (
				063F8E441B1F100400F1CEFD /* NetworkReceiverProp.swift */,
				063F8E461B1F101F00F1CEFD /* NetworkRecPicture.swift */,
				063F8E481B1F103100F1CEFD /* NetworkSender.swift */,
				FE3BB5DF1B15B4F10045687C /* ytcpsocket.swift */,
				FE3BB5E11B15B4FB0045687C /* ysocket.swift */,
				FE3BB5E41B15B5290045687C /* ytcpsocket.c */,
				FE3BB5E31B15B5280045687C /* FireflyApp-Bridging-Header.h */,
			);
			name = Network;
			sourceTree = "<group>";
		};
		41F983211B1E530C00592590 /* TestDaten */ = {
			isa = PBXGroup;
			children = (
				412C9FD91B1E388C00C16B79 /* ControlTestDatenModel.swift */,
			);
			name = TestDaten;
			sourceTree = "<group>";
		};
		FE047DA11B0A156D003FF9C9 /* ManagedObjects */ = {
			isa = PBXGroup;
			children = (
				412C9FA41B1E205F00C16B79 /* Battery.swift */,
				412C9FA21B1E205F00C16B79 /* Speed.swift */,
				412C9FA01B1E205F00C16B79 /* GPS.swift */,
				412C9F9E1B1E205E00C16B79 /* Log.swift */,
				0699CF491B1E15C100EF305E /* Picture.swift */,
				0699CF471B1E15C100EF305E /* Way_Point.swift */,
				0699CF431B1E15C100EF305E /* Entry.swift */,
				0699CF3F1B1E15C000EF305E /* Course.swift */,
			);
			name = ManagedObjects;
			sourceTree = "<group>";
		};
		FE6FB2431AFA1499009AE8ED = {
			isa = PBXGroup;
			children = (
				FE047D9C1B0A12F3003FF9C9 /* CoreData.framework */,
				FE6DE7131B03443C007617BA /* MapKit.framework */,
				FE6FB24E1AFA1499009AE8ED /* FireflyApp */,
				FE6FB2661AFA1499009AE8ED /* FireflyAppTests */,
				FE6FB24D1AFA1499009AE8ED /* Products */,
			);
			sourceTree = "<group>";
		};
		FE6FB24D1AFA1499009AE8ED /* Products */ = {
			isa = PBXGroup;
			children = (
				FE6FB24C1AFA1499009AE8ED /* FireflyApp.app */,
				FE6FB2631AFA1499009AE8ED /* FireflyAppTests.xctest */,
			);
			name = Products;
			sourceTree = "<group>";
		};
		FE6FB24E1AFA1499009AE8ED /* FireflyApp */ = {
			isa = PBXGroup;
			children = (
				FEC79DE31B262C7500E9028B /* Main.storyboard */,
				FE6FB2511AFA1499009AE8ED /* AppDelegate.swift */,
				41F9831F1B1E51DE00592590 /* Map */,
				41F983201B1E520800592590 /* Network */,
				41F9831D1B1E50B200592590 /* ControlLiveModus */,
				414BD5441B0FF6DD000E4F1F /* Log */,
				FE047DA11B0A156D003FF9C9 /* ManagedObjects */,
				FE6FB24F1AFA1499009AE8ED /* Supporting Files */,
			);
			path = FireflyApp;
			sourceTree = "<group>";
		};
		FE6FB24F1AFA1499009AE8ED /* Supporting Files */ = {
			isa = PBXGroup;
			children = (
				FE047D9E1B0A1338003FF9C9 /* AFC1.xcdatamodeld */,
				FE6FB25C1AFA1499009AE8ED /* LaunchScreen.xib */,
				FE6FB25A1AFA1499009AE8ED /* Images.xcassets */,
				FE6FB2501AFA1499009AE8ED /* Info.plist */,
			);
			name = "Supporting Files";
			sourceTree = "<group>";
		};
		FE6FB2661AFA1499009AE8ED /* FireflyAppTests */ = {
			isa = PBXGroup;
			children = (
				FE6FB2691AFA1499009AE8ED /* FireflyAppTests.swift */,
				FE6FB2671AFA1499009AE8ED /* Supporting Files */,
			);
			path = FireflyAppTests;
			sourceTree = "<group>";
		};
		FE6FB2671AFA1499009AE8ED /* Supporting Files */ = {
			isa = PBXGroup;
			children = (
				FE6FB2681AFA1499009AE8ED /* Info.plist */,
			);
			name = "Supporting Files";
			sourceTree = "<group>";
		};
/* End PBXGroup section */

/* Begin PBXNativeTarget section */
		FE6FB24B1AFA1499009AE8ED /* FireflyApp */ = {
			isa = PBXNativeTarget;
			buildConfigurationList = FE6FB26D1AFA1499009AE8ED /* Build configuration list for PBXNativeTarget "FireflyApp" */;
			buildPhases = (
				FE6FB2481AFA1499009AE8ED /* Sources */,
				FE6FB2491AFA1499009AE8ED /* Frameworks */,
				FE6FB24A1AFA1499009AE8ED /* Resources */,
			);
			buildRules = (
			);
			dependencies = (
			);
			name = FireflyApp;
			productName = FireflyApp;
			productReference = FE6FB24C1AFA1499009AE8ED /* FireflyApp.app */;
			productType = "com.apple.product-type.application";
		};
		FE6FB2621AFA1499009AE8ED /* FireflyAppTests */ = {
			isa = PBXNativeTarget;
			buildConfigurationList = FE6FB2701AFA1499009AE8ED /* Build configuration list for PBXNativeTarget "FireflyAppTests" */;
			buildPhases = (
				FE6FB25F1AFA1499009AE8ED /* Sources */,
				FE6FB2601AFA1499009AE8ED /* Frameworks */,
				FE6FB2611AFA1499009AE8ED /* Resources */,
			);
			buildRules = (
			);
			dependencies = (
				FE6FB2651AFA1499009AE8ED /* PBXTargetDependency */,
			);
			name = FireflyAppTests;
			productName = FireflyAppTests;
			productReference = FE6FB2631AFA1499009AE8ED /* FireflyAppTests.xctest */;
			productType = "com.apple.product-type.bundle.unit-test";
		};
/* End PBXNativeTarget section */

/* Begin PBXProject section */
		FE6FB2441AFA1499009AE8ED /* Project object */ = {
			isa = PBXProject;
			attributes = {
				LastUpgradeCheck = 0630;
				ORGANIZATIONNAME = "Hochschule Darmstadt";
				TargetAttributes = {
					FE6FB24B1AFA1499009AE8ED = {
						CreatedOnToolsVersion = 6.3.1;
					};
					FE6FB2621AFA1499009AE8ED = {
						CreatedOnToolsVersion = 6.3.1;
						TestTargetID = FE6FB24B1AFA1499009AE8ED;
					};
				};
			};
			buildConfigurationList = FE6FB2471AFA1499009AE8ED /* Build configuration list for PBXProject "FireflyApp" */;
			compatibilityVersion = "Xcode 3.2";
			developmentRegion = English;
			hasScannedForEncodings = 0;
			knownRegions = (
				en,
				Base,
			);
			mainGroup = FE6FB2431AFA1499009AE8ED;
			productRefGroup = FE6FB24D1AFA1499009AE8ED /* Products */;
			projectDirPath = "";
			projectRoot = "";
			targets = (
				FE6FB24B1AFA1499009AE8ED /* FireflyApp */,
				FE6FB2621AFA1499009AE8ED /* FireflyAppTests */,
			);
		};
/* End PBXProject section */

/* Begin PBXResourcesBuildPhase section */
		FE6FB24A1AFA1499009AE8ED /* Resources */ = {
			isa = PBXResourcesBuildPhase;
			buildActionMask = 2147483647;
			files = (
				FE6FB25E1AFA1499009AE8ED /* LaunchScreen.xib in Resources */,
				FE6FB25B1AFA1499009AE8ED /* Images.xcassets in Resources */,
				FE00CBB21B0BC02D00D79628 /* CallOutView.xib in Resources */,
				FEC79DE51B262C7500E9028B /* Main.storyboard in Resources */,
			);
			runOnlyForDeploymentPostprocessing = 0;
		};
		FE6FB2611AFA1499009AE8ED /* Resources */ = {
			isa = PBXResourcesBuildPhase;
			buildActionMask = 2147483647;
			files = (
			);
			runOnlyForDeploymentPostprocessing = 0;
		};
/* End PBXResourcesBuildPhase section */

/* Begin PBXSourcesBuildPhase section */
		FE6FB2481AFA1499009AE8ED /* Sources */ = {
			isa = PBXSourcesBuildPhase;
			buildActionMask = 2147483647;
			files = (
				FE5146EE1B25942500F5FA3C /* MasterTableView.swift in Sources */,
				0699CF4A1B1E15C100EF305E /* Picture.swift in Sources */,
				412C9F9F1B1E205E00C16B79 /* Log.swift in Sources */,
				FEB3411A1B0BC75D00ACEB41 /* CallOutView.swift in Sources */,
				412C9FDC1B1E388C00C16B79 /* PicturesViewController.swift in Sources */,
				41F9838F1B1E9F9500592590 /* MissionModel.swift in Sources */,
				412C9FA51B1E205F00C16B79 /* Battery.swift in Sources */,
				0699CF441B1E15C100EF305E /* Entry.swift in Sources */,
				FE3BB5E51B15B5290045687C /* ytcpsocket.c in Sources */,
				414BD5401B0FF348000E4F1F /* PageViewController.swift in Sources */,
				0699CF401B1E15C000EF305E /* Course.swift in Sources */,
				0699CF481B1E15C100EF305E /* Way_Point.swift in Sources */,
				063F8E491B1F103100F1CEFD /* NetworkSender.swift in Sources */,
				412C9FE41B1E38C100C16B79 /* LogTableViewController.swift in Sources */,
				412C9FE61B1E38F800C16B79 /* CategorieTableViewController.swift in Sources */,
				FE3BB5E01B15B4F10045687C /* TCPClient.swift in Sources */,
				416D2A621B259D99006A9BF0 /* SplitViewController.swift in Sources */,
				FE6FB2521AFA1499009AE8ED /* AppDelegate.swift in Sources */,
				41F9831C1B1E3C0200592590 /* ContentViewController.swift in Sources */,
				412C9FDE1B1E388C00C16B79 /* ControlDBModel.swift in Sources */,
				41EB77121B1153C600A1732B /* Waypoint.swift in Sources */,
				412C9FDB1B1E388C00C16B79 /* GPSViewController.swift in Sources */,
				063F8E451B1F100400F1CEFD /* NetworkReceiverProp.swift in Sources */,
				063F8E471B1F101F00F1CEFD /* NetworkRecPicture.swift in Sources */,
				412C9FA31B1E205F00C16B79 /* Speed.swift in Sources */,
				412C9FE81B1E393A00C16B79 /* ControlViewController.swift in Sources */,
				FE411DB01B0C72F60079B7C3 /* WaypointView.swift in Sources */,
				FE6FB2541AFA1499009AE8ED /* MapViewController.swift in Sources */,
				412C9FDD1B1E388C00C16B79 /* PlotterViewController.swift in Sources */,
				FE3BB5E21B15B4FB0045687C /* ysocket.swift in Sources */,
				412C9FE21B1E38AD00C16B79 /* PlotView.swift in Sources */,
				FEC531171B2C5B2F00F038F6 /* WaypointTableDelegate.swift in Sources */,
				412C9FDF1B1E388C00C16B79 /* ControlTestDatenModel.swift in Sources */,
				412C9FE01B1E388C00C16B79 /* BatterieTableViewController.swift in Sources */,
				FE047DA01B0A1338003FF9C9 /* AFC1.xcdatamodeld in Sources */,
				412C9FA11B1E205F00C16B79 /* GPS.swift in Sources */,
			);
			runOnlyForDeploymentPostprocessing = 0;
		};
		FE6FB25F1AFA1499009AE8ED /* Sources */ = {
			isa = PBXSourcesBuildPhase;
			buildActionMask = 2147483647;
			files = (
				FE6FB26A1AFA1499009AE8ED /* FireflyAppTests.swift in Sources */,
			);
			runOnlyForDeploymentPostprocessing = 0;
		};
/* End PBXSourcesBuildPhase section */

/* Begin PBXTargetDependency section */
		FE6FB2651AFA1499009AE8ED /* PBXTargetDependency */ = {
			isa = PBXTargetDependency;
			target = FE6FB24B1AFA1499009AE8ED /* FireflyApp */;
			targetProxy = FE6FB2641AFA1499009AE8ED /* PBXContainerItemProxy */;
		};
/* End PBXTargetDependency section */

/* Begin PBXVariantGroup section */
		FE6FB25C1AFA1499009AE8ED /* LaunchScreen.xib */ = {
			isa = PBXVariantGroup;
			children = (
				FE6FB25D1AFA1499009AE8ED /* Base */,
			);
			name = LaunchScreen.xib;
			sourceTree = "<group>";
		};
		FEC79DE31B262C7500E9028B /* Main.storyboard */ = {
			isa = PBXVariantGroup;
			children = (
				FEC79DE41B262C7500E9028B /* Base */,
			);
			name = Main.storyboard;
			sourceTree = "<group>";
		};
/* End PBXVariantGroup section */

/* Begin XCBuildConfiguration section */
		FE6FB26B1AFA1499009AE8ED /* Debug */ = {
			isa = XCBuildConfiguration;
			buildSettings = {
				ALWAYS_SEARCH_USER_PATHS = NO;
				CLANG_CXX_LANGUAGE_STANDARD = "gnu++0x";
				CLANG_CXX_LIBRARY = "libc++";
				CLANG_ENABLE_MODULES = YES;
				CLANG_ENABLE_OBJC_ARC = YES;
				CLANG_WARN_BOOL_CONVERSION = YES;
				CLANG_WARN_CONSTANT_CONVERSION = YES;
				CLANG_WARN_DIRECT_OBJC_ISA_USAGE = YES_ERROR;
				CLANG_WARN_EMPTY_BODY = YES;
				CLANG_WARN_ENUM_CONVERSION = YES;
				CLANG_WARN_INT_CONVERSION = YES;
				CLANG_WARN_OBJC_ROOT_CLASS = YES_ERROR;
				CLANG_WARN_UNREACHABLE_CODE = YES;
				CLANG_WARN__DUPLICATE_METHOD_MATCH = YES;
				"CODE_SIGN_IDENTITY[sdk=iphoneos*]" = "iPhone Developer";
				COPY_PHASE_STRIP = NO;
				DEBUG_INFORMATION_FORMAT = "dwarf-with-dsym";
				ENABLE_STRICT_OBJC_MSGSEND = YES;
				GCC_C_LANGUAGE_STANDARD = gnu99;
				GCC_DYNAMIC_NO_PIC = NO;
				GCC_NO_COMMON_BLOCKS = YES;
				GCC_OPTIMIZATION_LEVEL = 0;
				GCC_PREPROCESSOR_DEFINITIONS = (
					"DEBUG=1",
					"$(inherited)",
				);
				GCC_SYMBOLS_PRIVATE_EXTERN = NO;
				GCC_WARN_64_TO_32_BIT_CONVERSION = YES;
				GCC_WARN_ABOUT_RETURN_TYPE = YES_ERROR;
				GCC_WARN_UNDECLARED_SELECTOR = YES;
				GCC_WARN_UNINITIALIZED_AUTOS = YES_AGGRESSIVE;
				GCC_WARN_UNUSED_FUNCTION = YES;
				GCC_WARN_UNUSED_VARIABLE = YES;
				IPHONEOS_DEPLOYMENT_TARGET = 8.2;
				MTL_ENABLE_DEBUG_INFO = YES;
				ONLY_ACTIVE_ARCH = YES;
				SDKROOT = iphoneos;
				SWIFT_OPTIMIZATION_LEVEL = "-Onone";
				TARGETED_DEVICE_FAMILY = 2;
			};
			name = Debug;
		};
		FE6FB26C1AFA1499009AE8ED /* Release */ = {
			isa = XCBuildConfiguration;
			buildSettings = {
				ALWAYS_SEARCH_USER_PATHS = NO;
				CLANG_CXX_LANGUAGE_STANDARD = "gnu++0x";
				CLANG_CXX_LIBRARY = "libc++";
				CLANG_ENABLE_MODULES = YES;
				CLANG_ENABLE_OBJC_ARC = YES;
				CLANG_WARN_BOOL_CONVERSION = YES;
				CLANG_WARN_CONSTANT_CONVERSION = YES;
				CLANG_WARN_DIRECT_OBJC_ISA_USAGE = YES_ERROR;
				CLANG_WARN_EMPTY_BODY = YES;
				CLANG_WARN_ENUM_CONVERSION = YES;
				CLANG_WARN_INT_CONVERSION = YES;
				CLANG_WARN_OBJC_ROOT_CLASS = YES_ERROR;
				CLANG_WARN_UNREACHABLE_CODE = YES;
				CLANG_WARN__DUPLICATE_METHOD_MATCH = YES;
				"CODE_SIGN_IDENTITY[sdk=iphoneos*]" = "iPhone Developer";
				COPY_PHASE_STRIP = NO;
				DEBUG_INFORMATION_FORMAT = "dwarf-with-dsym";
				ENABLE_NS_ASSERTIONS = NO;
				ENABLE_STRICT_OBJC_MSGSEND = YES;
				GCC_C_LANGUAGE_STANDARD = gnu99;
				GCC_NO_COMMON_BLOCKS = YES;
				GCC_WARN_64_TO_32_BIT_CONVERSION = YES;
				GCC_WARN_ABOUT_RETURN_TYPE = YES_ERROR;
				GCC_WARN_UNDECLARED_SELECTOR = YES;
				GCC_WARN_UNINITIALIZED_AUTOS = YES_AGGRESSIVE;
				GCC_WARN_UNUSED_FUNCTION = YES;
				GCC_WARN_UNUSED_VARIABLE = YES;
				IPHONEOS_DEPLOYMENT_TARGET = 8.2;
				MTL_ENABLE_DEBUG_INFO = NO;
				SDKROOT = iphoneos;
				TARGETED_DEVICE_FAMILY = 2;
				VALIDATE_PRODUCT = YES;
			};
			name = Release;
		};
		FE6FB26E1AFA1499009AE8ED /* Debug */ = {
			isa = XCBuildConfiguration;
			buildSettings = {
				ASSETCATALOG_COMPILER_APPICON_NAME = AppIcon;
				ASSETCATALOG_COMPILER_LAUNCHIMAGE_NAME = LaunchImage;
				CLANG_ENABLE_MODULES = YES;
				CODE_SIGN_IDENTITY = "iPhone Developer";
				INFOPLIST_FILE = FireflyApp/Info.plist;
				IPHONEOS_DEPLOYMENT_TARGET = 8.2;
				LD_RUNPATH_SEARCH_PATHS = "$(inherited) @executable_path/Frameworks";
				PRODUCT_NAME = "$(TARGET_NAME)";
				SWIFT_OPTIMIZATION_LEVEL = "-Onone";
				TARGETED_DEVICE_FAMILY = 2;
			};
			name = Debug;
		};
		FE6FB26F1AFA1499009AE8ED /* Release */ = {
			isa = XCBuildConfiguration;
			buildSettings = {
				ASSETCATALOG_COMPILER_APPICON_NAME = AppIcon;
				ASSETCATALOG_COMPILER_LAUNCHIMAGE_NAME = LaunchImage;
				CLANG_ENABLE_MODULES = YES;
				CODE_SIGN_IDENTITY = "iPhone Developer";
				INFOPLIST_FILE = FireflyApp/Info.plist;
				IPHONEOS_DEPLOYMENT_TARGET = 8.2;
				LD_RUNPATH_SEARCH_PATHS = "$(inherited) @executable_path/Frameworks";
				PRODUCT_NAME = "$(TARGET_NAME)";
				TARGETED_DEVICE_FAMILY = 2;
			};
			name = Release;
		};
		FE6FB2711AFA1499009AE8ED /* Debug */ = {
			isa = XCBuildConfiguration;
			buildSettings = {
				BUNDLE_LOADER = "$(TEST_HOST)";
				FRAMEWORK_SEARCH_PATHS = (
					"$(SDKROOT)/Developer/Library/Frameworks",
					"$(inherited)",
				);
				GCC_PREPROCESSOR_DEFINITIONS = (
					"DEBUG=1",
					"$(inherited)",
				);
				INFOPLIST_FILE = FireflyAppTests/Info.plist;
				LD_RUNPATH_SEARCH_PATHS = "$(inherited) @executable_path/Frameworks @loader_path/Frameworks";
				PRODUCT_NAME = "$(TARGET_NAME)";
				TEST_HOST = "$(BUILT_PRODUCTS_DIR)/FireflyApp.app/FireflyApp";
			};
			name = Debug;
		};
		FE6FB2721AFA1499009AE8ED /* Release */ = {
			isa = XCBuildConfiguration;
			buildSettings = {
				BUNDLE_LOADER = "$(TEST_HOST)";
				FRAMEWORK_SEARCH_PATHS = (
					"$(SDKROOT)/Developer/Library/Frameworks",
					"$(inherited)",
				);
				INFOPLIST_FILE = FireflyAppTests/Info.plist;
				LD_RUNPATH_SEARCH_PATHS = "$(inherited) @executable_path/Frameworks @loader_path/Frameworks";
				PRODUCT_NAME = "$(TARGET_NAME)";
				TEST_HOST = "$(BUILT_PRODUCTS_DIR)/FireflyApp.app/FireflyApp";
			};
			name = Release;
		};
/* End XCBuildConfiguration section */

/* Begin XCConfigurationList section */
		FE6FB2471AFA1499009AE8ED /* Build configuration list for PBXProject "FireflyApp" */ = {
			isa = XCConfigurationList;
			buildConfigurations = (
				FE6FB26B1AFA1499009AE8ED /* Debug */,
				FE6FB26C1AFA1499009AE8ED /* Release */,
			);
			defaultConfigurationIsVisible = 0;
			defaultConfigurationName = Release;
		};
		FE6FB26D1AFA1499009AE8ED /* Build configuration list for PBXNativeTarget "FireflyApp" */ = {
			isa = XCConfigurationList;
			buildConfigurations = (
				FE6FB26E1AFA1499009AE8ED /* Debug */,
				FE6FB26F1AFA1499009AE8ED /* Release */,
			);
			defaultConfigurationIsVisible = 0;
			defaultConfigurationName = Release;
		};
		FE6FB2701AFA1499009AE8ED /* Build configuration list for PBXNativeTarget "FireflyAppTests" */ = {
			isa = XCConfigurationList;
			buildConfigurations = (
				FE6FB2711AFA1499009AE8ED /* Debug */,
				FE6FB2721AFA1499009AE8ED /* Release */,
			);
			defaultConfigurationIsVisible = 0;
			defaultConfigurationName = Release;
		};
/* End XCConfigurationList section */

/* Begin XCVersionGroup section */
		FE047D9E1B0A1338003FF9C9 /* AFC1.xcdatamodeld */ = {
			isa = XCVersionGroup;
			children = (
				FE047D9F1B0A1338003FF9C9 /* AFC1.xcdatamodel */,
			);
			currentVersion = FE047D9F1B0A1338003FF9C9 /* AFC1.xcdatamodel */;
			path = AFC1.xcdatamodeld;
			sourceTree = "<group>";
			versionGroupType = wrapper.xcdatamodel;
		};
/* End XCVersionGroup section */
	};
	rootObject = FE6FB2441AFA1499009AE8ED /* Project object */;
}
